
Microsoft Visual Studio Solution File, Format Version 12.00
# Visual Studio Version 17
VisualStudioVersion = 17.2.32526.322
MinimumVisualStudioVersion = 10.0.40219.1
Project("{9A19103F-16F7-4668-BE54-9A1E7A4F7556}") = "RSSFeeds", "RSSFeeds\RSSFeeds.csproj", "{B7ABD677-6278-4827-A9DE-E4E9110292F8}"
EndProject
Project("{FAE04EC0-301F-11D3-BF4B-00C04F79EFBC}") = "RSSFeeds.Test", "RSSFeeds.Test\RSSFeeds.Test.csproj", "{32D6CC68-7996-4A39-92AF-2409AADAFDFB}"
EndProject
Global
	GlobalSection(SolutionConfigurationPlatforms) = preSolution
		Debug|Any CPU = Debug|Any CPU
		Release|Any CPU = Release|Any CPU
	EndGlobalSection
	GlobalSection(ProjectConfigurationPlatforms) = postSolution
		{B7ABD677-6278-4827-A9DE-E4E9110292F8}.Debug|Any CPU.ActiveCfg = Debug|Any CPU
		{B7ABD677-6278-4827-A9DE-E4E9110292F8}.Debug|Any CPU.Build.0 = Debug|Any CPU
		{B7ABD677-6278-4827-A9DE-E4E9110292F8}.Release|Any CPU.ActiveCfg = Release|Any CPU
		{B7ABD677-6278-4827-A9DE-E4E9110292F8}.Release|Any CPU.Build.0 = Release|Any CPU
		{32D6CC68-7996-4A39-92AF-2409AADAFDFB}.Debug|Any CPU.ActiveCfg = Debug|Any CPU
		{32D6CC68-7996-4A39-92AF-2409AADAFDFB}.Debug|Any CPU.Build.0 = Debug|Any CPU
		{32D6CC68-7996-4A39-92AF-2409AADAFDFB}.Release|Any CPU.ActiveCfg = Release|Any CPU
		{32D6CC68-7996-4A39-92AF-2409AADAFDFB}.Release|Any CPU.Build.0 = Release|Any CPU
	EndGlobalSection
	GlobalSection(SolutionProperties) = preSolution
		HideSolutionNode = FALSE
	EndGlobalSection
	GlobalSection(ExtensibilityGlobals) = postSolution
		SolutionGuid = {6A45B066-AD8C-405C-AF22-43172CF691D9}
	EndGlobalSection
EndGlobal
